
Microsoft Visual Studio Solution File, Format Version 12.00
# Visual Studio Version 17
VisualStudioVersion = 17.9.34902.65
MinimumVisualStudioVersion = 10.0.40219.1
Project("{9A19103F-16F7-4668-BE54-9A1E7A4F7556}") = "CrimsonChatFilter", "CrimsonChatFilter.csproj", "{0F3CA94A-2A94-476E-9051-C036EB4AA6FB}"
EndProject
Global
	GlobalSection(SolutionConfigurationPlatforms) = preSolution
		Debug|Any CPU = Debug|Any CPU
		Release|Any CPU = Release|Any CPU
	EndGlobalSection
	GlobalSection(ProjectConfigurationPlatforms) = postSolution
		{0F3CA94A-2A94-476E-9051-C036EB4AA6FB}.Debug|Any CPU.ActiveCfg = Debug|Any CPU
		{0F3CA94A-2A94-476E-9051-C036EB4AA6FB}.Debug|Any CPU.Build.0 = Debug|Any CPU
		{0F3CA94A-2A94-476E-9051-C036EB4AA6FB}.Release|Any CPU.ActiveCfg = Release|Any CPU
		{0F3CA94A-2A94-476E-9051-C036EB4AA6FB}.Release|Any CPU.Build.0 = Release|Any CPU
	EndGlobalSection
	GlobalSection(SolutionProperties) = preSolution
		HideSolutionNode = FALSE
	EndGlobalSection
	GlobalSection(ExtensibilityGlobals) = postSolution
		SolutionGuid = {0049D2C2-4EC9-4BE6-BE61-4038C864C4BB}
	EndGlobalSection
EndGlobal
